{
  "version": 4,
  "terraform_version": "1.15.5",
  "serial": 277,
  "lineage": "9bfc1d01-6f3e-3a1d-c37b-23c352bb3db8",
  "outputs": {},
  "resources": [
    {
      "mode": "managed",
      "type": "aws_eks_cluster",
      "name": "my_cluster",
      "provider": "provider[\"registry.terraform.io/hashicorp/aws\"]",
      "instances": [
        {
          "schema_version": 1,
          "attributes": {
            "access_config": [
              {
                "authentication_mode": "CONFIG_MAP",
                "bootstrap_cluster_creator_admin_permissions": true
              }
            ],
            "arn": "arn:aws:eks:us-east-1:879866609414:cluster/core-platform-cluster",
            "bootstrap_self_managed_addons": true,
            "certificate_authority": [
              {
                "data": "LS0tLS1CRUdJTiBDRVJUSUZJQ0FURS0tLS0tCk1JSURCVENDQWUyZ0F3SUJBZ0lJTmhrVjZqYzJVa0F3RFFZSktvWklodmNOQVFFTEJRQXdGVEVUTUJFR0ExVUUKQXhNS2EzVmlaWEp1WlhSbGN6QWVGdzB5TmpBM01ERXdNakV3TWpOYUZ3MHpOakEyTWpnd01qRTFNak5hTUJVeApFekFSQmdOVkJBTVRDbXQxWW1WeWJtVjBaWE13Z2dFaU1BMEdDU3FHU0liM0RRRUJBUVVBQTRJQkR3QXdnZ0VLCkFvSUJBUUNmakNDcnJlZmswc1pRSUlkdUZFaXBBRDNPRDNnNUJnVXRDVU9MYVorZFVhbkREVllGSjV0clJJd0oKeUs4NThJMEVhalNuWmN1WU1uVzF5YVRuZmpDeEVCN0lyVUNtQVZ2QlRqWlN4djRqYmNxem5FTnJobEgxcDFvUgpYekhvUU5nYnlDNzE3UjlGcGZDR2xSMkN0dmJxWHplaXMvNmtWd2U1TGdJL0dSMTZLUkh0OTdQRjc0OWZCeERqCmxneFR1NEl4NUxWUDZvOUE4eWRDczBXMG1rUnZPdjgzZUVoRXZlU1dhSm1TK0lJUlN5bjVTSnJ6dmphQ015SkMKSEVoSWg4eUcvYS85czd0WVM2RUozdGE5OXNXTjNqTER3eGM3dmkvU1dXckc2RlJZVkhuSS9FQTBzMjE5SElKMgpYNDBEQkR4czJVUlMxVkc2N3A3Q3ZNc3pxRThmQWdNQkFBR2pXVEJYTUE0R0ExVWREd0VCL3dRRUF3SUNwREFQCkJnTlZIUk1CQWY4RUJUQURBUUgvTUIwR0ExVWREZ1FXQkJUV1R0VXc0elN1clBoNnZkVTFXUG1TbjhaM0pqQVYKQmdOVkhSRUVEakFNZ2dwcmRXSmxjbTVsZEdWek1BMEdDU3FHU0liM0RRRUJDd1VBQTRJQkFRQWhMVVorRlBRaQo0OThWcVhveHovK2tSWWJjOWllb1hMZktYUzQ4Ukp5cU02MHJjWnYzdDJIbVV2UFBCWkVNeW9MWFVrbmpKOS85CkJad0tSMlB1QXNHam1DNllPRFBqNTVtNzZWMkZpOExmemFQem1DU0lsM2FXZEgzaEJvZDN2SUIwd2F4d0pxQVEKTkp1NnczQ3FVOXZDRHZ5STVZMGdabndGcGptLzVBczcrcDN2amZqdC8xNGhINUJ5YjVhempNdFZwNzFwMlQ4egpycG1KbEwxd3ZEMTlpM2paTUFETlVDUjgrK0h0ckhjS0FpVHZ3eW96SW40am1qWkdJU3hVNTA2QnBPT0N6YmRmClIrdTArT2ZWYUtxNm5QdjRVUUk2enRHYk9DRkw2TjZmdVJiS29IdHZ5QXp4Zk9lK1RMYUNSUUx3eUtDaVVpRkMKQTVvTHZxMk5kcDl2Ci0tLS0tRU5EIENFUlRJRklDQVRFLS0tLS0K"
              }
            ],
            "cluster_id": null,
            "compute_config": [],
            "created_at": "2026-07-01T02:10:22Z",
            "enabled_cluster_log_types": [],
            "encryption_config": [],
            "endpoint": "https://476C54671B31550D0AFB6BBCE36216AB.gr7.us-east-1.eks.amazonaws.com",
            "force_update_version": null,
            "id": "core-platform-cluster",
            "identity": [
              {
                "oidc": [
                  {
                    "issuer": "https://oidc.eks.us-east-1.amazonaws.com/id/476C54671B31550D0AFB6BBCE36216AB"
                  }
                ]
              }
            ],
            "kubernetes_network_config": [
              {
                "elastic_load_balancing": [
                  {
                    "enabled": false
                  }
                ],
                "ip_family": "ipv4",
                "service_ipv4_cidr": "172.20.0.0/16",
                "service_ipv6_cidr": ""
              }
            ],
            "name": "core-platform-cluster",
            "outpost_config": [],
            "platform_version": "eks.4",
            "remote_network_config": [],
            "role_arn": "arn:aws:iam::879866609414:role/core-platform-cluster-role",
            "status": "ACTIVE",
            "storage_config": [],
            "tags": {},
            "tags_all": {},
            "timeouts": null,
            "upgrade_policy": [
              {
                "support_type": "EXTENDED"
              }
            ],
            "version": "1.36",
            "vpc_config": [
              {
                "cluster_security_group_id": "sg-01c38ad003726fe55",
                "endpoint_private_access": false,
                "endpoint_public_access": true,
                "public_access_cidrs": [
                  "0.0.0.0/0"
                ],
                "security_group_ids": [],
                "subnet_ids": [
                  "subnet-00c871e3ae905222b",
                  "subnet-097afaa3fee833dfe"
                ],
                "vpc_id": "vpc-024ed059a16c46928"
              }
            ],
            "zonal_shift_config": []
          },
          "sensitive_attributes": [],
          "identity_schema_version": 0,
          "private": "eyJlMmJmYjczMC1lY2FhLTExZTYtOGY4OC0zNDM2M2JjN2M0YzAiOnsiY3JlYXRlIjoxODAwMDAwMDAwMDAwLCJkZWxldGUiOjkwMDAwMDAwMDAwMCwidXBkYXRlIjozNjAwMDAwMDAwMDAwfSwic2NoZW1hX3ZlcnNpb24iOiIxIn0=",
          "dependencies": [
            "aws_iam_role.eks_cluster_role",
            "aws_iam_role_policy_attachment.eks_policy",
            "aws_subnet.pub_sub_1",
            "aws_subnet.pub_sub_2",
            "aws_vpc.eks_vpc"
          ]
        }
      ]
    },
    {
      "mode": "managed",
      "type": "aws_iam_role",
      "name": "eks_cluster_role",
      "provider": "provider[\"registry.terraform.io/hashicorp/aws\"]",
      "instances": [
        {
          "schema_version": 0,
          "attributes": {
            "arn": "arn:aws:iam::879866609414:role/core-platform-cluster-role",
            "assume_role_policy": "{\"Statement\":[{\"Action\":\"sts:AssumeRole\",\"Effect\":\"Allow\",\"Principal\":{\"Service\":\"eks.amazonaws.com\"}}],\"Version\":\"2012-10-17\"}",
            "create_date": "2026-07-01T02:09:53Z",
            "description": "",
            "force_detach_policies": false,
            "id": "core-platform-cluster-role",
            "inline_policy": [],
            "managed_policy_arns": [
              "arn:aws:iam::aws:policy/AmazonEKSClusterPolicy"
            ],
            "max_session_duration": 3600,
            "name": "core-platform-cluster-role",
            "name_prefix": "",
            "path": "/",
            "permissions_boundary": "",
            "tags": {},
            "tags_all": {},
            "unique_id": "AROA4ZXBC74DCS3LOFCVO"
          },
          "sensitive_attributes": [],
          "identity_schema_version": 0,
          "private": "bnVsbA=="
        }
      ]
    },
    {
      "mode": "managed",
      "type": "aws_iam_role_policy_attachment",
      "name": "eks_policy",
      "provider": "provider[\"registry.terraform.io/hashicorp/aws\"]",
      "instances": [
        {
          "schema_version": 0,
          "attributes": {
            "id": "core-platform-cluster-role-20260701020954506700000001",
            "policy_arn": "arn:aws:iam::aws:policy/AmazonEKSClusterPolicy",
            "role": "core-platform-cluster-role"
          },
          "sensitive_attributes": [],
          "identity_schema_version": 0,
          "private": "bnVsbA==",
          "dependencies": [
            "aws_iam_role.eks_cluster_role"
          ]
        }
      ]
    },
    {
      "mode": "managed",
      "type": "aws_subnet",
      "name": "pub_sub_1",
      "provider": "provider[\"registry.terraform.io/hashicorp/aws\"]",
      "instances": [
        {
          "schema_version": 1,
          "attributes": {
            "arn": "arn:aws:ec2:us-east-1:879866609414:subnet/subnet-097afaa3fee833dfe",
            "assign_ipv6_address_on_creation": false,
            "availability_zone": "us-east-1a",
            "availability_zone_id": "use1-az1",
            "cidr_block": "10.0.1.0/24",
            "customer_owned_ipv4_pool": "",
            "enable_dns64": false,
            "enable_lni_at_device_index": 0,
            "enable_resource_name_dns_a_record_on_launch": false,
            "enable_resource_name_dns_aaaa_record_on_launch": false,
            "id": "subnet-097afaa3fee833dfe",
            "ipv6_cidr_block": "",
            "ipv6_cidr_block_association_id": "",
            "ipv6_native": false,
            "map_customer_owned_ip_on_launch": false,
            "map_public_ip_on_launch": true,
            "outpost_arn": "",
            "owner_id": "879866609414",
            "private_dns_hostname_type_on_launch": "ip-name",
            "tags": {
              "Name": "core-platform-subnet-1"
            },
            "tags_all": {
              "Name": "core-platform-subnet-1"
            },
            "timeouts": null,
            "vpc_id": "vpc-024ed059a16c46928"
          },
          "sensitive_attributes": [],
          "identity_schema_version": 0,
          "private": "eyJlMmJmYjczMC1lY2FhLTExZTYtOGY4OC0zNDM2M2JjN2M0YzAiOnsiY3JlYXRlIjo2MDAwMDAwMDAwMDAsImRlbGV0ZSI6MTIwMDAwMDAwMDAwMH0sInNjaGVtYV92ZXJzaW9uIjoiMSJ9",
          "dependencies": [
            "aws_vpc.eks_vpc"
          ]
        }
      ]
    },
    {
      "mode": "managed",
      "type": "aws_subnet",
      "name": "pub_sub_2",
      "provider": "provider[\"registry.terraform.io/hashicorp/aws\"]",
      "instances": [
        {
          "schema_version": 1,
          "attributes": {
            "arn": "arn:aws:ec2:us-east-1:879866609414:subnet/subnet-00c871e3ae905222b",
            "assign_ipv6_address_on_creation": false,
            "availability_zone": "us-east-1b",
            "availability_zone_id": "use1-az2",
            "cidr_block": "10.0.2.0/24",
            "customer_owned_ipv4_pool": "",
            "enable_dns64": false,
            "enable_lni_at_device_index": 0,
            "enable_resource_name_dns_a_record_on_launch": false,
            "enable_resource_name_dns_aaaa_record_on_launch": false,
            "id": "subnet-00c871e3ae905222b",
            "ipv6_cidr_block": "",
            "ipv6_cidr_block_association_id": "",
            "ipv6_native": false,
            "map_customer_owned_ip_on_launch": false,
            "map_public_ip_on_launch": true,
            "outpost_arn": "",
            "owner_id": "879866609414",
            "private_dns_hostname_type_on_launch": "ip-name",
            "tags": {
              "Name": "core-platform-subnet-2"
            },
            "tags_all": {
              "Name": "core-platform-subnet-2"
            },
            "timeouts": null,
            "vpc_id": "vpc-024ed059a16c46928"
          },
          "sensitive_attributes": [],
          "identity_schema_version": 0,
          "private": "eyJlMmJmYjczMC1lY2FhLTExZTYtOGY4OC0zNDM2M2JjN2M0YzAiOnsiY3JlYXRlIjo2MDAwMDAwMDAwMDAsImRlbGV0ZSI6MTIwMDAwMDAwMDAwMH0sInNjaGVtYV92ZXJzaW9uIjoiMSJ9",
          "dependencies": [
            "aws_vpc.eks_vpc"
          ]
        }
      ]
    },
    {
      "mode": "managed",
      "type": "aws_vpc",
      "name": "eks_vpc",
      "provider": "provider[\"registry.terraform.io/hashicorp/aws\"]",
      "instances": [
        {
          "schema_version": 1,
          "attributes": {
            "arn": "arn:aws:ec2:us-east-1:879866609414:vpc/vpc-024ed059a16c46928",
            "assign_generated_ipv6_cidr_block": false,
            "cidr_block": "10.0.0.0/16",
            "default_network_acl_id": "acl-0e41a973cefa1ed95",
            "default_route_table_id": "rtb-0ef80c3d87cbc1856",
            "default_security_group_id": "sg-075f6f2374ff05752",
            "dhcp_options_id": "dopt-05400b80e8db103ae",
            "enable_dns_hostnames": true,
            "enable_dns_support": true,
            "enable_network_address_usage_metrics": false,
            "id": "vpc-024ed059a16c46928",
            "instance_tenancy": "default",
            "ipv4_ipam_pool_id": null,
            "ipv4_netmask_length": null,
            "ipv6_association_id": "",
            "ipv6_cidr_block": "",
            "ipv6_cidr_block_network_border_group": "",
            "ipv6_ipam_pool_id": "",
            "ipv6_netmask_length": 0,
            "main_route_table_id": "rtb-0ef80c3d87cbc1856",
            "owner_id": "879866609414",
            "tags": {
              "Name": "core-platform-vpc"
            },
            "tags_all": {
              "Name": "core-platform-vpc"
            }
          },
          "sensitive_attributes": [],
          "identity_schema_version": 0,
          "private": "eyJzY2hlbWFfdmVyc2lvbiI6IjEifQ=="
        }
      ]
    },
    {
      "mode": "managed",
      "type": "kubernetes_namespace_v1",
      "name": "ns_monitoring",
      "provider": "provider[\"registry.terraform.io/hashicorp/kubernetes\"]",
      "instances": [
        {
          "schema_version": 0,
          "attributes": {
            "id": "ns-monitoring",
            "metadata": [
              {
                "annotations": {},
                "generate_name": "",
                "generation": 0,
                "labels": {
                  "environment": "production",
                  "managed-by": "terraform"
                },
                "name": "ns-monitoring",
                "resource_version": "123449",
                "uid": "1be8046e-4ada-4838-a4d4-11e85434cedd"
              }
            ],
            "timeouts": null,
            "wait_for_default_service_account": false
          },
          "sensitive_attributes": [],
          "identity_schema_version": 1,
          "identity": {
            "api_version": "v1",
            "kind": "Namespace",
            "name": "ns-monitoring"
          },
          "private": "eyJlMmJmYjczMC1lY2FhLTExZTYtOGY4OC0zNDM2M2JjN2M0YzAiOnsiZGVsZXRlIjozMDAwMDAwMDAwMDB9fQ==",
          "dependencies": [
            "aws_eks_cluster.my_cluster",
            "aws_iam_role.eks_cluster_role",
            "aws_iam_role_policy_attachment.eks_policy",
            "aws_subnet.pub_sub_1",
            "aws_subnet.pub_sub_2",
            "aws_vpc.eks_vpc"
          ]
        }
      ]
    }
  ],
  "check_results": null
}
